{
  "name": "exercises",
  "version": "1.0.0",
  "lockfileVersion": 2,
  "requires": true,
  "packages": {
    "": {
      "name": "exercises",
      "version": "1.0.0",
      "license": "ISC",
      "dependencies": {
        "errorLogger": "file:./errorLog",
        "urlParser": "file:./urlParser"
      }
    },
    "errorLog": {
      "name": "errorlog",
      "version": "1.0.0",
      "license": "ISC"
    },
    "node_modules/errorLogger": {
      "resolved": "errorLog",
      "link": true
    },
    "node_modules/lodash": {
      "version": "4.17.21",
      "resolved": "https://registry.npmjs.org/lodash/-/lodash-4.17.21.tgz",
      "integrity": "sha512-v2kDEe57lecTulaDIuNTPy3Ry4gLGJ6Z1O3vE1krgXZNrsQ+LFTGHVxVjcXPs17LhbZVGedAJv8XZ1tvj5FvSg=="
    },
    "node_modules/urlParser": {
      "resolved": "urlParser",
      "link": true
    },
    "urlParser": {
      "name": "urlparser",
      "version": "1.0.0",
      "license": "ISC",
      "dependencies": {
        "lodash": "^4.17.21"
      }
    }
  },
  "dependencies": {
    "errorLogger": {
      "version": "file:errorLog"
    },
    "lodash": {
      "version": "4.17.21",
      "resolved": "https://registry.npmjs.org/lodash/-/lodash-4.17.21.tgz",
      "integrity": "sha512-v2kDEe57lecTulaDIuNTPy3Ry4gLGJ6Z1O3vE1krgXZNrsQ+LFTGHVxVjcXPs17LhbZVGedAJv8XZ1tvj5FvSg=="
    },
    "urlParser": {
      "version": "file:urlParser",
      "requires": {
        "lodash": "^4.17.21"
      }
    }
  }
}
